PODS:
  - R.swift (4.0.0):
    - R.swift.Library (~> 4.0.0)
  - R.swift.Library (4.0.0)
  - RxCocoa (5.1.0):
    - RxRelay (~> 5)
    - RxSwift (~> 5)
  - RxFlow (2.7.0):
    - RxCocoa (>= 5.0.0)
    - RxSwift (>= 5.0.0)
  - RxRelay (5.1.0):
    - RxSwift (~> 5)
  - RxSwift (5.1.0)
  - SwiftLint (0.25.0)

DEPENDENCIES:
  - R.swift (~> 4.0.0)
  - RxCocoa (~> 5.1.0)
  - RxFlow (~> 2.7.0)
  - RxSwift (~> 5.1.0)
  - SwiftLint (~> 0.25.0)

SPEC REPOS:
  trunk:
    - R.swift
    - R.swift.Library
    - RxCocoa
    - RxFlow
    - RxRelay
    - RxSwift
    - SwiftLint

SPEC CHECKSUMS:
  R.swift: d6a5ec2f55a8441dc0ed9f1f8b37d7d11ae85c66
  R.swift.Library: c3af34921024333546e23b70e70d0b4e0cffca75
  RxCocoa: 13d2a4d7546a34b8ececae8c281e4ea1dbb94f2b
  RxFlow: 605ef6364d7e937bea8f9507a1e99a431cdc2493
  RxRelay: a168bd6caf712d00c676ac344e9295afc93b418e
  RxSwift: ad5874f24bb0dbffd1e9bb8443604e3578796c7a
  SwiftLint: e14651157288e9e01d6e1a71db7014fb5744a8ea

PODFILE CHECKSUM: 1a5b03ec30b2629142cf7a1420af5bef1245e9bc

COCOAPODS: 1.8.4
